// !$*UTF8*$!
{
	archiveVersion = 1;
	classes = {
	};
	objectVersion = 46;
	objects = {

/* Begin PBXBuildFile section */
		E565BD301E8E9EDE00C1889B /* main.m in Sources */ = {isa = PBXBuildFile; fileRef = E565BD2F1E8E9EDE00C1889B /* main.m */; };
		E565BD331E8E9EDE00C1889B /* AppDelegate.m in Sources */ = {isa = PBXBuildFile; fileRef = E565BD321E8E9EDE00C1889B /* AppDelegate.m */; };
		E565BD361E8E9EDE00C1889B /* ViewController.m in Sources */ = {isa = PBXBuildFile; fileRef = E565BD351E8E9EDE00C1889B /* ViewController.m */; };
		E565BD391E8E9EDE00C1889B /* Main.storyboard in Resources */ = {isa = PBXBuildFile; fileRef = E565BD371E8E9EDE00C1889B /* Main.storyboard */; };
		E565BD3B1E8E9EDE00C1889B /* Assets.xcassets in Resources */ = {isa = PBXBuildFile; fileRef = E565BD3A1E8E9EDE00C1889B /* Assets.xcassets */; };
		E565BD3E1E8E9EDE00C1889B /* LaunchScreen.storyboard in Resources */ = {isa = PBXBuildFile; fileRef = E565BD3C1E8E9EDE00C1889B /* LaunchScreen.storyboard */; };
		E565BD491E8E9EDF00C1889B /* weatherappTests.m in Sources */ = {isa = PBXBuildFile; fileRef = E565BD481E8E9EDF00C1889B /* weatherappTests.m */; };
		E565BD541E8E9EDF00C1889B /* weatherappUITests.m in Sources */ = {isa = PBXBuildFile; fileRef = E565BD531E8E9EDF00C1889B /* weatherappUITests.m */; };
		E588F47B1E910B7E00A108BD /* MapKit.framework in Frameworks */ = {isa = PBXBuildFile; fileRef = E588F47A1E910B7E00A108BD /* MapKit.framework */; };
		E588F47D1E910B9400A108BD /* CoreLocation.framework in Frameworks */ = {isa = PBXBuildFile; fileRef = E588F47C1E910B9400A108BD /* CoreLocation.framework */; };
/* End PBXBuildFile section */

/* Begin PBXContainerItemProxy section */
		E565BD451E8E9EDF00C1889B /* PBXContainerItemProxy */ = {
			isa = PBXContainerItemProxy;
			containerPortal = E565BD231E8E9EDE00C1889B /* Project object */;
			proxyType = 1;
			remoteGlobalIDString = E565BD2A1E8E9EDE00C1889B;
			remoteInfo = weatherapp;
		};
		E565BD501E8E9EDF00C1889B /* PBXContainerItemProxy */ = {
			isa = PBXContainerItemProxy;
			containerPortal = E565BD231E8E9EDE00C1889B /* Project object */;
			proxyType = 1;
			remoteGlobalIDString = E565BD2A1E8E9EDE00C1889B;
			remoteInfo = weatherapp;
		};
/* End PBXContainerItemProxy section */

/* Begin PBXFileReference section */
		E565BD2B1E8E9EDE00C1889B /* weatherapp.app */ = {isa = PBXFileReference; explicitFileType = wrapper.application; includeInIndex = 0; path = weatherapp.app; sourceTree = BUILT_PRODUCTS_DIR; };
		E565BD2F1E8E9EDE00C1889B /* main.m */ = {isa = PBXFileReference; lastKnownFileType = sourcecode.c.objc; path = main.m; sourceTree = "<group>"; };
		E565BD311E8E9EDE00C1889B /* AppDelegate.h */ = {isa = PBXFileReference; lastKnownFileType = sourcecode.c.h; path = AppDelegate.h; sourceTree = "<group>"; };
		E565BD321E8E9EDE00C1889B /* AppDelegate.m */ = {isa = PBXFileReference; lastKnownFileType = sourcecode.c.objc; path = AppDelegate.m; sourceTree = "<group>"; };
		E565BD341E8E9EDE00C1889B /* ViewController.h */ = {isa = PBXFileReference; lastKnownFileType = sourcecode.c.h; path = ViewController.h; sourceTree = "<group>"; };
		E565BD351E8E9EDE00C1889B /* ViewController.m */ = {isa = PBXFileReference; lastKnownFileType = sourcecode.c.objc; path = ViewController.m; sourceTree = "<group>"; };
		E565BD381E8E9EDE00C1889B /* Base */ = {isa = PBXFileReference; lastKnownFileType = file.storyboard; name = Base; path = Base.lproj/Main.storyboard; sourceTree = "<group>"; };
		E565BD3A1E8E9EDE00C1889B /* Assets.xcassets */ = {isa = PBXFileReference; lastKnownFileType = folder.assetcatalog; path = Assets.xcassets; sourceTree = "<group>"; };
		E565BD3D1E8E9EDE00C1889B /* Base */ = {isa = PBXFileReference; lastKnownFileType = file.storyboard; name = Base; path = Base.lproj/LaunchScreen.storyboard; sourceTree = "<group>"; };
		E565BD3F1E8E9EDE00C1889B /* Info.plist */ = {isa = PBXFileReference; lastKnownFileType = text.plist.xml; path = Info.plist; sourceTree = "<group>"; };
		E565BD441E8E9EDF00C1889B /* weatherappTests.xctest */ = {isa = PBXFileReference; explicitFileType = wrapper.cfbundle; includeInIndex = 0; path = weatherappTests.xctest; sourceTree = BUILT_PRODUCTS_DIR; };
		E565BD481E8E9EDF00C1889B /* weatherappTests.m */ = {isa = PBXFileReference; lastKnownFileType = sourcecode.c.objc; path = weatherappTests.m; sourceTree = "<group>"; };
		E565BD4A1E8E9EDF00C1889B /* Info.plist */ = {isa = PBXFileReference; lastKnownFileType = text.plist.xml; path = Info.plist; sourceTree = "<group>"; };
		E565BD4F1E8E9EDF00C1889B /* weatherappUITests.xctest */ = {isa = PBXFileReference; explicitFileType = wrapper.cfbundle; includeInIndex = 0; path = weatherappUITests.xctest; sourceTree = BUILT_PRODUCTS_DIR; };
		E565BD531E8E9EDF00C1889B /* weatherappUITests.m */ = {isa = PBXFileReference; lastKnownFileType = sourcecode.c.objc; path = weatherappUITests.m; sourceTree = "<group>"; };
		E565BD551E8E9EDF00C1889B /* Info.plist */ = {isa = PBXFileReference; lastKnownFileType = text.plist.xml; path = Info.plist; sourceTree = "<group>"; };
		E588F47A1E910B7E00A108BD /* MapKit.framework */ = {isa = PBXFileReference; lastKnownFileType = wrapper.framework; name = MapKit.framework; path = System/Library/Frameworks/MapKit.framework; sourceTree = SDKROOT; };
		E588F47C1E910B9400A108BD /* CoreLocation.framework */ = {isa = PBXFileReference; lastKnownFileType = wrapper.framework; name = CoreLocation.framework; path = System/Library/Frameworks/CoreLocation.framework; sourceTree = SDKROOT; };
/* End PBXFileReference section */

/* Begin PBXFrameworksBuildPhase section */
		E565BD281E8E9EDE00C1889B /* Frameworks */ = {
			isa = PBXFrameworksBuildPhase;
			buildActionMask = 2147483647;
			files = (
				E588F47D1E910B9400A108BD /* CoreLocation.framework in Frameworks */,
				E588F47B1E910B7E00A108BD /* MapKit.framework in Frameworks */,
			);
			runOnlyForDeploymentPostprocessing = 0;
		};
		E565BD411E8E9EDF00C1889B /* Frameworks */ = {
			isa = PBXFrameworksBuildPhase;
			buildActionMask = 2147483647;
			files = (
			);
			runOnlyForDeploymentPostprocessing = 0;
		};
		E565BD4C1E8E9EDF00C1889B /* Frameworks */ = {
			isa = PBXFrameworksBuildPhase;
			buildActionMask = 2147483647;
			files = (
			);
			runOnlyForDeploymentPostprocessing = 0;
		};
/* End PBXFrameworksBuildPhase section */

/* Begin PBXGroup section */
		E565BD221E8E9EDE00C1889B = {
			isa = PBXGroup;
			children = (
				E565BD2D1E8E9EDE00C1889B /* weatherapp */,
				E565BD471E8E9EDF00C1889B /* weatherappTests */,
				E565BD521E8E9EDF00C1889B /* weatherappUITests */,
				E565BD2C1E8E9EDE00C1889B /* Products */,
				E588F4791E910B7E00A108BD /* Frameworks */,
			);
			sourceTree = "<group>";
		};
		E565BD2C1E8E9EDE00C1889B /* Products */ = {
			isa = PBXGroup;
			children = (
				E565BD2B1E8E9EDE00C1889B /* weatherapp.app */,
				E565BD441E8E9EDF00C1889B /* weatherappTests.xctest */,
				E565BD4F1E8E9EDF00C1889B /* weatherappUITests.xctest */,
			);
			name = Products;
			sourceTree = "<group>";
		};
		E565BD2D1E8E9EDE00C1889B /* weatherapp */ = {
			isa = PBXGroup;
			children = (
				E565BD311E8E9EDE00C1889B /* AppDelegate.h */,
				E565BD321E8E9EDE00C1889B /* AppDelegate.m */,
				E565BD341E8E9EDE00C1889B /* ViewController.h */,
				E565BD351E8E9EDE00C1889B /* ViewController.m */,
				E565BD371E8E9EDE00C1889B /* Main.storyboard */,
				E565BD3A1E8E9EDE00C1889B /* Assets.xcassets */,
				E565BD3C1E8E9EDE00C1889B /* LaunchScreen.storyboard */,
				E565BD3F1E8E9EDE00C1889B /* Info.plist */,
				E565BD2E1E8E9EDE00C1889B /* Supporting Files */,
			);
			path = weatherapp;
			sourceTree = "<group>";
		};
		E565BD2E1E8E9EDE00C1889B /* Supporting Files */ = {
			isa = PBXGroup;
			children = (
				E565BD2F1E8E9EDE00C1889B /* main.m */,
			);
			name = "Supporting Files";
			sourceTree = "<group>";
		};
		E565BD471E8E9EDF00C1889B /* weatherappTests */ = {
			isa = PBXGroup;
			children = (
				E565BD481E8E9EDF00C1889B /* weatherappTests.m */,
				E565BD4A1E8E9EDF00C1889B /* Info.plist */,
			);
			path = weatherappTests;
			sourceTree = "<group>";
		};
		E565BD521E8E9EDF00C1889B /* weatherappUITests */ = {
			isa = PBXGroup;
			children = (
				E565BD531E8E9EDF00C1889B /* weatherappUITests.m */,
				E565BD551E8E9EDF00C1889B /* Info.plist */,
			);
			path = weatherappUITests;
			sourceTree = "<group>";
		};
		E588F4791E910B7E00A108BD /* Frameworks */ = {
			isa = PBXGroup;
			children = (
				E588F47C1E910B9400A108BD /* CoreLocation.framework */,
				E588F47A1E910B7E00A108BD /* MapKit.framework */,
			);
			name = Frameworks;
			sourceTree = "<group>";
		};
/* End PBXGroup section */

/* Begin PBXNativeTarget section */
		E565BD2A1E8E9EDE00C1889B /* weatherapp */ = {
			isa = PBXNativeTarget;
			buildConfigurationList = E565BD581E8E9EDF00C1889B /* Build configuration list for PBXNativeTarget "weatherapp" */;
			buildPhases = (
				E565BD271E8E9EDE00C1889B /* Sources */,
				E565BD281E8E9EDE00C1889B /* Frameworks */,
				E565BD291E8E9EDE00C1889B /* Resources */,
			);
			buildRules = (
			);
			dependencies = (
			);
			name = weatherapp;
			productName = weatherapp;
			productReference = E565BD2B1E8E9EDE00C1889B /* weatherapp.app */;
			productType = "com.apple.product-type.application";
		};
		E565BD431E8E9EDF00C1889B /* weatherappTests */ = {
			isa = PBXNativeTarget;
			buildConfigurationList = E565BD5B1E8E9EDF00C1889B /* Build configuration list for PBXNativeTarget "weatherappTests" */;
			buildPhases = (
				E565BD401E8E9EDF00C1889B /* Sources */,
				E565BD411E8E9EDF00C1889B /* Frameworks */,
				E565BD421E8E9EDF00C1889B /* Resources */,
			);
			buildRules = (
			);
			dependencies = (
				E565BD461E8E9EDF00C1889B /* PBXTargetDependency */,
			);
			name = weatherappTests;
			productName = weatherappTests;
			productReference = E565BD441E8E9EDF00C1889B /* weatherappTests.xctest */;
			productType = "com.apple.product-type.bundle.unit-test";
		};
		E565BD4E1E8E9EDF00C1889B /* weatherappUITests */ = {
			isa = PBXNativeTarget;
			buildConfigurationList = E565BD5E1E8E9EDF00C1889B /* Build configuration list for PBXNativeTarget "weatherappUITests" */;
			buildPhases = (
				E565BD4B1E8E9EDF00C1889B /* Sources */,
				E565BD4C1E8E9EDF00C1889B /* Frameworks */,
				E565BD4D1E8E9EDF00C1889B /* Resources */,
			);
			buildRules = (
			);
			dependencies = (
				E565BD511E8E9EDF00C1889B /* PBXTargetDependency */,
			);
			name = weatherappUITests;
			productName = weatherappUITests;
			productReference = E565BD4F1E8E9EDF00C1889B /* weatherappUITests.xctest */;
			productType = "com.apple.product-type.bundle.ui-testing";
		};
/* End PBXNativeTarget section */

/* Begin PBXProject section */
		E565BD231E8E9EDE00C1889B /* Project object */ = {
			isa = PBXProject;
			attributes = {
				LastUpgradeCheck = 0830;
				ORGANIZATIONNAME = "Kyle Chen";
				TargetAttributes = {
					E565BD2A1E8E9EDE00C1889B = {
						CreatedOnToolsVersion = 8.3;
						DevelopmentTeam = AVKMUMRXU6;
						ProvisioningStyle = Automatic;
					};
					E565BD431E8E9EDF00C1889B = {
						CreatedOnToolsVersion = 8.3;
						DevelopmentTeam = AVKMUMRXU6;
						ProvisioningStyle = Automatic;
						TestTargetID = E565BD2A1E8E9EDE00C1889B;
					};
					E565BD4E1E8E9EDF00C1889B = {
						CreatedOnToolsVersion = 8.3;
						DevelopmentTeam = AVKMUMRXU6;
						ProvisioningStyle = Automatic;
						TestTargetID = E565BD2A1E8E9EDE00C1889B;
					};
				};
			};
			buildConfigurationList = E565BD261E8E9EDE00C1889B /* Build configuration list for PBXProject "weatherapp" */;
			compatibilityVersion = "Xcode 3.2";
			developmentRegion = English;
			hasScannedForEncodings = 0;
			knownRegions = (
				en,
				Base,
			);
			mainGroup = E565BD221E8E9EDE00C1889B;
			productRefGroup = E565BD2C1E8E9EDE00C1889B /* Products */;
			projectDirPath = "";
			projectRoot = "";
			targets = (
				E565BD2A1E8E9EDE00C1889B /* weatherapp */,
				E565BD431E8E9EDF00C1889B /* weatherappTests */,
				E565BD4E1E8E9EDF00C1889B /* weatherappUITests */,
			);
		};
/* End PBXProject section */

/* Begin PBXResourcesBuildPhase section */
		E565BD291E8E9EDE00C1889B /* Resources */ = {
			isa = PBXResourcesBuildPhase;
			buildActionMask = 2147483647;
			files = (
				E565BD3E1E8E9EDE00C1889B /* LaunchScreen.storyboard in Resources */,
				E565BD3B1E8E9EDE00C1889B /* Assets.xcassets in Resources */,
				E565BD391E8E9EDE00C1889B /* Main.storyboard in Resources */,
			);
			runOnlyForDeploymentPostprocessing = 0;
		};
		E565BD421E8E9EDF00C1889B /* Resources */ = {
			isa = PBXResourcesBuildPhase;
			buildActionMask = 2147483647;
			files = (
			);
			runOnlyForDeploymentPostprocessing = 0;
		};
		E565BD4D1E8E9EDF00C1889B /* Resources */ = {
			isa = PBXResourcesBuildPhase;
			buildActionMask = 2147483647;
			files = (
			);
			runOnlyForDeploymentPostprocessing = 0;
		};
/* End PBXResourcesBuildPhase section */

/* Begin PBXSourcesBuildPhase section */
		E565BD271E8E9EDE00C1889B /* Sources */ = {
			isa = PBXSourcesBuildPhase;
			buildActionMask = 2147483647;
			files = (
				E565BD361E8E9EDE00C1889B /* ViewController.m in Sources */,
				E565BD331E8E9EDE00C1889B /* AppDelegate.m in Sources */,
				E565BD301E8E9EDE00C1889B /* main.m in Sources */,
			);
			runOnlyForDeploymentPostprocessing = 0;
		};
		E565BD401E8E9EDF00C1889B /* Sources */ = {
			isa = PBXSourcesBuildPhase;
			buildActionMask = 2147483647;
			files = (
				E565BD491E8E9EDF00C1889B /* weatherappTests.m in Sources */,
			);
			runOnlyForDeploymentPostprocessing = 0;
		};
		E565BD4B1E8E9EDF00C1889B /* Sources */ = {
			isa = PBXSourcesBuildPhase;
			buildActionMask = 2147483647;
			files = (
				E565BD541E8E9EDF00C1889B /* weatherappUITests.m in Sources */,
			);
			runOnlyForDeploymentPostprocessing = 0;
		};
/* End PBXSourcesBuildPhase section */

/* Begin PBXTargetDependency section */
		E565BD461E8E9EDF00C1889B /* PBXTargetDependency */ = {
			isa = PBXTargetDependency;
			target = E565BD2A1E8E9EDE00C1889B /* weatherapp */;
			targetProxy = E565BD451E8E9EDF00C1889B /* PBXContainerItemProxy */;
		};
		E565BD511E8E9EDF00C1889B /* PBXTargetDependency */ = {
			isa = PBXTargetDependency;
			target = E565BD2A1E8E9EDE00C1889B /* weatherapp */;
			targetProxy = E565BD501E8E9EDF00C1889B /* PBXContainerItemProxy */;
		};
/* End PBXTargetDependency section */

/* Begin PBXVariantGroup section */
		E565BD371E8E9EDE00C1889B /* Main.storyboard */ = {
			isa = PBXVariantGroup;
			children = (
				E565BD381E8E9EDE00C1889B /* Base */,
			);
			name = Main.storyboard;
			sourceTree = "<group>";
		};
		E565BD3C1E8E9EDE00C1889B /* LaunchScreen.storyboard */ = {
			isa = PBXVariantGroup;
			children = (
				E565BD3D1E8E9EDE00C1889B /* Base */,
			);
			name = LaunchScreen.storyboard;
			sourceTree = "<group>";
		};
/* End PBXVariantGroup section */

/* Begin XCBuildConfiguration section */
		E565BD561E8E9EDF00C1889B /* Debug */ = {
			isa = XCBuildConfiguration;
			buildSettings = {
				ALWAYS_SEARCH_USER_PATHS = NO;
				CLANG_ANALYZER_NONNULL = YES;
				CLANG_ANALYZER_NUMBER_OBJECT_CONVERSION = YES_AGGRESSIVE;
				CLANG_CXX_LANGUAGE_STANDARD = "gnu++0x";
				CLANG_CXX_LIBRARY = "libc++";
				CLANG_ENABLE_MODULES = YES;
				CLANG_ENABLE_OBJC_ARC = YES;
				CLANG_WARN_BOOL_CONVERSION = YES;
				CLANG_WARN_CONSTANT_CONVERSION = YES;
				CLANG_WARN_DIRECT_OBJC_ISA_USAGE = YES_ERROR;
				CLANG_WARN_DOCUMENTATION_COMMENTS = YES;
				CLANG_WARN_EMPTY_BODY = YES;
				CLANG_WARN_ENUM_CONVERSION = YES;
				CLANG_WARN_INFINITE_RECURSION = YES;
				CLANG_WARN_INT_CONVERSION = YES;
				CLANG_WARN_OBJC_ROOT_CLASS = YES_ERROR;
				CLANG_WARN_SUSPICIOUS_MOVE = YES;
				CLANG_WARN_UNREACHABLE_CODE = YES;
				CLANG_WARN__DUPLICATE_METHOD_MATCH = YES;
				"CODE_SIGN_IDENTITY[sdk=iphoneos*]" = "iPhone Developer";
				COPY_PHASE_STRIP = NO;
				DEBUG_INFORMATION_FORMAT = dwarf;
				ENABLE_STRICT_OBJC_MSGSEND = YES;
				ENABLE_TESTABILITY = YES;
				GCC_C_LANGUAGE_STANDARD = gnu99;
				GCC_DYNAMIC_NO_PIC = NO;
				GCC_NO_COMMON_BLOCKS = YES;
				GCC_OPTIMIZATION_LEVEL = 0;
				GCC_PREPROCESSOR_DEFINITIONS = (
					"DEBUG=1",
					"$(inherited)",
				);
				GCC_WARN_64_TO_32_BIT_CONVERSION = YES;
				GCC_WARN_ABOUT_RETURN_TYPE = YES_ERROR;
				GCC_WARN_UNDECLARED_SELECTOR = YES;
				GCC_WARN_UNINITIALIZED_AUTOS = YES_AGGRESSIVE;
				GCC_WARN_UNUSED_FUNCTION = YES;
				GCC_WARN_UNUSED_VARIABLE = YES;
				IPHONEOS_DEPLOYMENT_TARGET = 10.3;
				MTL_ENABLE_DEBUG_INFO = YES;
				ONLY_ACTIVE_ARCH = YES;
				SDKROOT = iphoneos;
				TARGETED_DEVICE_FAMILY = "1,2";
			};
			name = Debug;
		};
		E565BD571E8E9EDF00C1889B /* Release */ = {
			isa = XCBuildConfiguration;
			buildSettings = {
				ALWAYS_SEARCH_USER_PATHS = NO;
				CLANG_ANALYZER_NONNULL = YES;
				CLANG_ANALYZER_NUMBER_OBJECT_CONVERSION = YES_AGGRESSIVE;
				CLANG_CXX_LANGUAGE_STANDARD = "gnu++0x";
				CLANG_CXX_LIBRARY = "libc++";
				CLANG_ENABLE_MODULES = YES;
				CLANG_ENABLE_OBJC_ARC = YES;
				CLANG_WARN_BOOL_CONVERSION = YES;
				CLANG_WARN_CONSTANT_CONVERSION = YES;
				CLANG_WARN_DIRECT_OBJC_ISA_USAGE = YES_ERROR;
				CLANG_WARN_DOCUMENTATION_COMMENTS = YES;
				CLANG_WARN_EMPTY_BODY = YES;
				CLANG_WARN_ENUM_CONVERSION = YES;
				CLANG_WARN_INFINITE_RECURSION = YES;
				CLANG_WARN_INT_CONVERSION = YES;
				CLANG_WARN_OBJC_ROOT_CLASS = YES_ERROR;
				CLANG_WARN_SUSPICIOUS_MOVE = YES;
				CLANG_WARN_UNREACHABLE_CODE = YES;
				CLANG_WARN__DUPLICATE_METHOD_MATCH = YES;
				"CODE_SIGN_IDENTITY[sdk=iphoneos*]" = "iPhone Developer";
				COPY_PHASE_STRIP = NO;
				DEBUG_INFORMATION_FORMAT = "dwarf-with-dsym";
				ENABLE_NS_ASSERTIONS = NO;
				ENABLE_STRICT_OBJC_MSGSEND = YES;
				GCC_C_LANGUAGE_STANDARD = gnu99;
				GCC_NO_COMMON_BLOCKS = YES;
				GCC_WARN_64_TO_32_BIT_CONVERSION = YES;
				GCC_WARN_ABOUT_RETURN_TYPE = YES_ERROR;
				GCC_WARN_UNDECLARED_SELECTOR = YES;
				GCC_WARN_UNINITIALIZED_AUTOS = YES_AGGRESSIVE;
				GCC_WARN_UNUSED_FUNCTION = YES;
				GCC_WARN_UNUSED_VARIABLE = YES;
				IPHONEOS_DEPLOYMENT_TARGET = 10.3;
				MTL_ENABLE_DEBUG_INFO = NO;
				SDKROOT = iphoneos;
				TARGETED_DEVICE_FAMILY = "1,2";
				VALIDATE_PRODUCT = YES;
			};
			name = Release;
		};
		E565BD591E8E9EDF00C1889B /* Debug */ = {
			isa = XCBuildConfiguration;
			buildSettings = {
				ASSETCATALOG_COMPILER_APPICON_NAME = AppIcon;
				DEVELOPMENT_TEAM = AVKMUMRXU6;
				INFOPLIST_FILE = weatherapp/Info.plist;
				LD_RUNPATH_SEARCH_PATHS = "$(inherited) @executable_path/Frameworks";
				PRODUCT_BUNDLE_IDENTIFIER = dalijoky.weatherapp;
				PRODUCT_NAME = "$(TARGET_NAME)";
			};
			name = Debug;
		};
		E565BD5A1E8E9EDF00C1889B /* Release */ = {
			isa = XCBuildConfiguration;
			buildSettings = {
				ASSETCATALOG_COMPILER_APPICON_NAME = AppIcon;
				DEVELOPMENT_TEAM = AVKMUMRXU6;
				INFOPLIST_FILE = weatherapp/Info.plist;
				LD_RUNPATH_SEARCH_PATHS = "$(inherited) @executable_path/Frameworks";
				PRODUCT_BUNDLE_IDENTIFIER = dalijoky.weatherapp;
				PRODUCT_NAME = "$(TARGET_NAME)";
			};
			name = Release;
		};
		E565BD5C1E8E9EDF00C1889B /* Debug */ = {
			isa = XCBuildConfiguration;
			buildSettings = {
				BUNDLE_LOADER = "$(TEST_HOST)";
				DEVELOPMENT_TEAM = AVKMUMRXU6;
				INFOPLIST_FILE = weatherappTests/Info.plist;
				LD_RUNPATH_SEARCH_PATHS = "$(inherited) @executable_path/Frameworks @loader_path/Frameworks";
				PRODUCT_BUNDLE_IDENTIFIER = dalijoky.weatherappTests;
				PRODUCT_NAME = "$(TARGET_NAME)";
				TEST_HOST = "$(BUILT_PRODUCTS_DIR)/weatherapp.app/weatherapp";
			};
			name = Debug;
		};
		E565BD5D1E8E9EDF00C1889B /* Release */ = {
			isa = XCBuildConfiguration;
			buildSettings = {
				BUNDLE_LOADER = "$(TEST_HOST)";
				DEVELOPMENT_TEAM = AVKMUMRXU6;
				INFOPLIST_FILE = weatherappTests/Info.plist;
				LD_RUNPATH_SEARCH_PATHS = "$(inherited) @executable_path/Frameworks @loader_path/Frameworks";
				PRODUCT_BUNDLE_IDENTIFIER = dalijoky.weatherappTests;
				PRODUCT_NAME = "$(TARGET_NAME)";
				TEST_HOST = "$(BUILT_PRODUCTS_DIR)/weatherapp.app/weatherapp";
			};
			name = Release;
		};
		E565BD5F1E8E9EDF00C1889B /* Debug */ = {
			isa = XCBuildConfiguration;
			buildSettings = {
				DEVELOPMENT_TEAM = AVKMUMRXU6;
				INFOPLIST_FILE = weatherappUITests/Info.plist;
				LD_RUNPATH_SEARCH_PATHS = "$(inherited) @executable_path/Frameworks @loader_path/Frameworks";
				PRODUCT_BUNDLE_IDENTIFIER = dalijoky.weatherappUITests;
				PRODUCT_NAME = "$(TARGET_NAME)";
				TEST_TARGET_NAME = weatherapp;
			};
			name = Debug;
		};
		E565BD601E8E9EDF00C1889B /* Release */ = {
			isa = XCBuildConfiguration;
			buildSettings = {
				DEVELOPMENT_TEAM = AVKMUMRXU6;
				INFOPLIST_FILE = weatherappUITests/Info.plist;
				LD_RUNPATH_SEARCH_PATHS = "$(inherited) @executable_path/Frameworks @loader_path/Frameworks";
				PRODUCT_BUNDLE_IDENTIFIER = dalijoky.weatherappUITests;
				PRODUCT_NAME = "$(TARGET_NAME)";
				TEST_TARGET_NAME = weatherapp;
			};
			name = Release;
		};
/* End XCBuildConfiguration section */

/* Begin XCConfigurationList section */
		E565BD261E8E9EDE00C1889B /* Build configuration list for PBXProject "weatherapp" */ = {
			isa = XCConfigurationList;
			buildConfigurations = (
				E565BD561E8E9EDF00C1889B /* Debug */,
				E565BD571E8E9EDF00C1889B /* Release */,
			);
			defaultConfigurationIsVisible = 0;
			defaultConfigurationName = Release;
		};
		E565BD581E8E9EDF00C1889B /* Build configuration list for PBXNativeTarget "weatherapp" */ = {
			isa = XCConfigurationList;
			buildConfigurations = (
				E565BD591E8E9EDF00C1889B /* Debug */,
				E565BD5A1E8E9EDF00C1889B /* Release */,
			);
			defaultConfigurationIsVisible = 0;
			defaultConfigurationName = Release;
		};
		E565BD5B1E8E9EDF00C1889B /* Build configuration list for PBXNativeTarget "weatherappTests" */ = {
			isa = XCConfigurationList;
			buildConfigurations = (
				E565BD5C1E8E9EDF00C1889B /* Debug */,
				E565BD5D1E8E9EDF00C1889B /* Release */,
			);
			defaultConfigurationIsVisible = 0;
			defaultConfigurationName = Release;
		};
		E565BD5E1E8E9EDF00C1889B /* Build configuration list for PBXNativeTarget "weatherappUITests" */ = {
			isa = XCConfigurationList;
			buildConfigurations = (
				E565BD5F1E8E9EDF00C1889B /* Debug */,
				E565BD601E8E9EDF00C1889B /* Release */,
			);
			defaultConfigurationIsVisible = 0;
			defaultConfigurationName = Release;
		};
/* End XCConfigurationList section */
	};
	rootObject = E565BD231E8E9EDE00C1889B /* Project object */;
}
